lockfileVersion: '9.0'

settings:
  autoInstallPeers: true
  excludeLinksFromLockfile: false

importers:

  .:
    dependencies:
      '@superdoc/sdk':
        specifier: 2.5.0
        version: 2.5.0
    devDependencies:
      adm-zip:
        specifier: 0.5.16
        version: 0.5.16

packages:

  '@superdoc/sdk-linux-arm64@2.5.0':
    resolution: {integrity: sha512-MA9jc2GLzIRxRxBm3t6A9THBhE3aA0dz8BAbJ0z1l3XuEaQsousNA38IXE4OVHuVH+caL5Umoxkc3HJn+7cqKQ==}
    cpu: [arm64]
    os: [linux]
    hasBin: true

  '@superdoc/sdk-linux-x64@2.5.0':
    resolution: {integrity: sha512-0fzq5nsFOV0yhJsi26E0p5MGMbPTpAnzvnwvID0tN+mpciOo53lMyy9zH24WJl3FcivVauxI7MFBAAU3YWWbmg==}
    cpu: [x64]
    os: [linux]
    hasBin: true

  '@superdoc/sdk-windows-x64@2.5.0':
    resolution: {integrity: sha512-IUDAWappud7dn/VBMwwmx7xTIVX5kJmNWPze+Mak97aiFDw9AomGl9JoIqeGJ3FyBD50satMmi3biKZkfrusNw==}
    cpu: [x64]
    os: [win32]
    hasBin: true

  '@superdoc/sdk@2.5.0':
    resolution: {integrity: sha512-XbamUoxh0MQxQQdlsqWxaEvXjmewS6QGRHkMAsMNSdox9UPMcP3ZCB6mcmAOzHWCerxPcN21GJqLq9VbwLXe7Q==}

  adm-zip@0.5.16:
    resolution: {integrity: sha512-TGw5yVi4saajsSEgz25grObGHEUaDrniwvA2qwSC060KfqGPdglhvPMA2lPIoxs3PQIItj2iag35fONcQqgUaQ==}
    engines: {node: '>=12.0'}

snapshots:

  '@superdoc/sdk-linux-arm64@2.5.0':
    optional: true

  '@superdoc/sdk-linux-x64@2.5.0':
    optional: true

  '@superdoc/sdk-windows-x64@2.5.0':
    optional: true

  '@superdoc/sdk@2.5.0':
    optionalDependencies:
      '@superdoc/sdk-linux-arm64': 2.5.0
      '@superdoc/sdk-linux-x64': 2.5.0
      '@superdoc/sdk-windows-x64': 2.5.0

  adm-zip@0.5.16: {}
